// !$*UTF8*$!
{
	archiveVersion = 1;
	classes = {
	};
	objectVersion = 51;
	objects = {

/* Begin PBXBuildFile section */
		074A0EAB3579A00C6AA53274 /* Pods_Snacktacular.framework in Frameworks */ = {isa = PBXBuildFile; fileRef = 341DBEE912103E6258C98841 /* Pods_Snacktacular.framework */; };
		8E2A66D1286A744F00A2C275 /* SpotListViewController.swift in Sources */ = {isa = PBXBuildFile; fileRef = 8E2A66D0286A744F00A2C275 /* SpotListViewController.swift */; };
		8E2A66D3286A8FA100A2C275 /* SpotTableViewCell.swift in Sources */ = {isa = PBXBuildFile; fileRef = 8E2A66D2286A8FA100A2C275 /* SpotTableViewCell.swift */; };
		8E2A66D5286A969900A2C275 /* SpotDetailViewController.swift in Sources */ = {isa = PBXBuildFile; fileRef = 8E2A66D4286A969900A2C275 /* SpotDetailViewController.swift */; };
		8E4BA88E286A45D400A18FF8 /* AppDelegate.swift in Sources */ = {isa = PBXBuildFile; fileRef = 8E4BA88D286A45D400A18FF8 /* AppDelegate.swift */; };
		8E4BA890286A45D400A18FF8 /* SceneDelegate.swift in Sources */ = {isa = PBXBuildFile; fileRef = 8E4BA88F286A45D400A18FF8 /* SceneDelegate.swift */; };
		8E4BA892286A45D400A18FF8 /* LoginViewController.swift in Sources */ = {isa = PBXBuildFile; fileRef = 8E4BA891286A45D400A18FF8 /* LoginViewController.swift */; };
		8E4BA895286A45D400A18FF8 /* Main.storyboard in Resources */ = {isa = PBXBuildFile; fileRef = 8E4BA893286A45D400A18FF8 /* Main.storyboard */; };
		8E4BA897286A45D600A18FF8 /* Assets.xcassets in Resources */ = {isa = PBXBuildFile; fileRef = 8E4BA896286A45D600A18FF8 /* Assets.xcassets */; };
		8E4BA89A286A45D600A18FF8 /* LaunchScreen.storyboard in Resources */ = {isa = PBXBuildFile; fileRef = 8E4BA898286A45D600A18FF8 /* LaunchScreen.storyboard */; };
		8E50A591286D1E5200CC8423 /* ReviewTableViewController.swift in Sources */ = {isa = PBXBuildFile; fileRef = 8E50A590286D1E5200CC8423 /* ReviewTableViewController.swift */; };
		8E50A593286D34BA00CC8423 /* Review.swift in Sources */ = {isa = PBXBuildFile; fileRef = 8E50A592286D34BA00CC8423 /* Review.swift */; };
		8E50A595286D386F00CC8423 /* Reviews.swift in Sources */ = {isa = PBXBuildFile; fileRef = 8E50A594286D386F00CC8423 /* Reviews.swift */; };
		8E656EFA286BC70A00971083 /* Spot.swift in Sources */ = {isa = PBXBuildFile; fileRef = 8E656EF9286BC70A00971083 /* Spot.swift */; };
		8E656EFC286BD37400971083 /* UIViewController+alert.swift in Sources */ = {isa = PBXBuildFile; fileRef = 8E656EFB286BD37400971083 /* UIViewController+alert.swift */; };
		8E656EFE286BD8E700971083 /* Spots.swift in Sources */ = {isa = PBXBuildFile; fileRef = 8E656EFD286BD8E700971083 /* Spots.swift */; };
		8E656F00286BEADF00971083 /* APIKeys.swift in Sources */ = {isa = PBXBuildFile; fileRef = 8E656EFF286BEADF00971083 /* APIKeys.swift */; };
		8E76B6D6286E81670079EBFA /* PhotoViewController.swift in Sources */ = {isa = PBXBuildFile; fileRef = 8E76B6D5286E81670079EBFA /* PhotoViewController.swift */; };
		8E76B6D8286EA3AB0079EBFA /* Photo.swift in Sources */ = {isa = PBXBuildFile; fileRef = 8E76B6D7286EA3AB0079EBFA /* Photo.swift */; };
		8EA4D34A286FA8C900B5FCF3 /* Photos.swift in Sources */ = {isa = PBXBuildFile; fileRef = 8EA4D349286FA8C900B5FCF3 /* Photos.swift */; };
		8EA4D34C286FB4D100B5FCF3 /* SpotPhotoCollectionViewCell.swift in Sources */ = {isa = PBXBuildFile; fileRef = 8EA4D34B286FB4D100B5FCF3 /* SpotPhotoCollectionViewCell.swift */; };
		8EAD2BFA286D4F21009F8A68 /* SpotReviewTableViewCell.swift in Sources */ = {isa = PBXBuildFile; fileRef = 8EAD2BF9286D4F21009F8A68 /* SpotReviewTableViewCell.swift */; };
		8ED5F170286A47ED0080DDA4 /* GoogleService-Info.plist in Resources */ = {isa = PBXBuildFile; fileRef = 8ED5F16F286A47ED0080DDA4 /* GoogleService-Info.plist */; };
		8EDC3439286E3E3E008ED8F5 /* UIView+addBorder.swift in Sources */ = {isa = PBXBuildFile; fileRef = 8EDC3438286E3E3E008ED8F5 /* UIView+addBorder.swift */; };
		8EDC343B286E3F19008ED8F5 /* UIBarButtonItem+hide.swift in Sources */ = {isa = PBXBuildFile; fileRef = 8EDC343A286E3F19008ED8F5 /* UIBarButtonItem+hide.swift */; };
/* End PBXBuildFile section */

/* Begin PBXFileReference section */
		341DBEE912103E6258C98841 /* Pods_Snacktacular.framework */ = {isa = PBXFileReference; explicitFileType = wrapper.framework; includeInIndex = 0; path = Pods_Snacktacular.framework; sourceTree = BUILT_PRODUCTS_DIR; };
		693A345E9BD06D1F23914EE2 /* Pods-Snacktacular.release.xcconfig */ = {isa = PBXFileReference; includeInIndex = 1; lastKnownFileType = text.xcconfig; name = "Pods-Snacktacular.release.xcconfig"; path = "Target Support Files/Pods-Snacktacular/Pods-Snacktacular.release.xcconfig"; sourceTree = "<group>"; };
		695011941739287EE1AFCC3B /* Pods-Snacktacular.debug.xcconfig */ = {isa = PBXFileReference; includeInIndex = 1; lastKnownFileType = text.xcconfig; name = "Pods-Snacktacular.debug.xcconfig"; path = "Target Support Files/Pods-Snacktacular/Pods-Snacktacular.debug.xcconfig"; sourceTree = "<group>"; };
		8E2A66D0286A744F00A2C275 /* SpotListViewController.swift */ = {isa = PBXFileReference; lastKnownFileType = sourcecode.swift; path = SpotListViewController.swift; sourceTree = "<group>"; };
		8E2A66D2286A8FA100A2C275 /* SpotTableViewCell.swift */ = {isa = PBXFileReference; lastKnownFileType = sourcecode.swift; path = SpotTableViewCell.swift; sourceTree = "<group>"; };
		8E2A66D4286A969900A2C275 /* SpotDetailViewController.swift */ = {isa = PBXFileReference; lastKnownFileType = sourcecode.swift; path = SpotDetailViewController.swift; sourceTree = "<group>"; };
		8E4BA88A286A45D400A18FF8 /* Snacktacular.app */ = {isa = PBXFileReference; explicitFileType = wrapper.application; includeInIndex = 0; path = Snacktacular.app; sourceTree = BUILT_PRODUCTS_DIR; };
		8E4BA88D286A45D400A18FF8 /* AppDelegate.swift */ = {isa = PBXFileReference; lastKnownFileType = sourcecode.swift; path = AppDelegate.swift; sourceTree = "<group>"; };
		8E4BA88F286A45D400A18FF8 /* SceneDelegate.swift */ = {isa = PBXFileReference; lastKnownFileType = sourcecode.swift; path = SceneDelegate.swift; sourceTree = "<group>"; };
		8E4BA891286A45D400A18FF8 /* LoginViewController.swift */ = {isa = PBXFileReference; lastKnownFileType = sourcecode.swift; path = LoginViewController.swift; sourceTree = "<group>"; };
		8E4BA894286A45D400A18FF8 /* Base */ = {isa = PBXFileReference; lastKnownFileType = file.storyboard; name = Base; path = Base.lproj/Main.storyboard; sourceTree = "<group>"; };
		8E4BA896286A45D600A18FF8 /* Assets.xcassets */ = {isa = PBXFileReference; lastKnownFileType = folder.assetcatalog; path = Assets.xcassets; sourceTree = "<group>"; };
		8E4BA899286A45D600A18FF8 /* Base */ = {isa = PBXFileReference; lastKnownFileType = file.storyboard; name = Base; path = Base.lproj/LaunchScreen.storyboard; sourceTree = "<group>"; };
		8E4BA89B286A45D600A18FF8 /* Info.plist */ = {isa = PBXFileReference; lastKnownFileType = text.plist.xml; path = Info.plist; sourceTree = "<group>"; };
		8E50A590286D1E5200CC8423 /* ReviewTableViewController.swift */ = {isa = PBXFileReference; lastKnownFileType = sourcecode.swift; path = ReviewTableViewController.swift; sourceTree = "<group>"; };
		8E50A592286D34BA00CC8423 /* Review.swift */ = {isa = PBXFileReference; lastKnownFileType = sourcecode.swift; path = Review.swift; sourceTree = "<group>"; };
		8E50A594286D386F00CC8423 /* Reviews.swift */ = {isa = PBXFileReference; lastKnownFileType = sourcecode.swift; path = Reviews.swift; sourceTree = "<group>"; };
		8E656EF9286BC70A00971083 /* Spot.swift */ = {isa = PBXFileReference; lastKnownFileType = sourcecode.swift; path = Spot.swift; sourceTree = "<group>"; };
		8E656EFB286BD37400971083 /* UIViewController+alert.swift */ = {isa = PBXFileReference; fileEncoding = 4; lastKnownFileType = sourcecode.swift; path = "UIViewController+alert.swift"; sourceTree = "<group>"; };
		8E656EFD286BD8E700971083 /* Spots.swift */ = {isa = PBXFileReference; lastKnownFileType = sourcecode.swift; path = Spots.swift; sourceTree = "<group>"; };
		8E656EFF286BEADF00971083 /* APIKeys.swift */ = {isa = PBXFileReference; lastKnownFileType = sourcecode.swift; path = APIKeys.swift; sourceTree = "<group>"; };
		8E76B6D5286E81670079EBFA /* PhotoViewController.swift */ = {isa = PBXFileReference; lastKnownFileType = sourcecode.swift; path = PhotoViewController.swift; sourceTree = "<group>"; };
		8E76B6D7286EA3AB0079EBFA /* Photo.swift */ = {isa = PBXFileReference; lastKnownFileType = sourcecode.swift; path = Photo.swift; sourceTree = "<group>"; };
		8EA4D349286FA8C900B5FCF3 /* Photos.swift */ = {isa = PBXFileReference; lastKnownFileType = sourcecode.swift; path = Photos.swift; sourceTree = "<group>"; };
		8EA4D34B286FB4D100B5FCF3 /* SpotPhotoCollectionViewCell.swift */ = {isa = PBXFileReference; lastKnownFileType = sourcecode.swift; path = SpotPhotoCollectionViewCell.swift; sourceTree = "<group>"; };
		8EAD2BF9286D4F21009F8A68 /* SpotReviewTableViewCell.swift */ = {isa = PBXFileReference; lastKnownFileType = sourcecode.swift; path = SpotReviewTableViewCell.swift; sourceTree = "<group>"; };
		8ED5F16F286A47ED0080DDA4 /* GoogleService-Info.plist */ = {isa = PBXFileReference; lastKnownFileType = text.plist; path = "GoogleService-Info.plist"; sourceTree = SOURCE_ROOT; };
		8EDC3438286E3E3E008ED8F5 /* UIView+addBorder.swift */ = {isa = PBXFileReference; lastKnownFileType = sourcecode.swift; path = "UIView+addBorder.swift"; sourceTree = "<group>"; };
		8EDC343A286E3F19008ED8F5 /* UIBarButtonItem+hide.swift */ = {isa = PBXFileReference; lastKnownFileType = sourcecode.swift; path = "UIBarButtonItem+hide.swift"; sourceTree = "<group>"; };
/* End PBXFileReference section */

/* Begin PBXFrameworksBuildPhase section */
		8E4BA887286A45D400A18FF8 /* Frameworks */ = {
			isa = PBXFrameworksBuildPhase;
			buildActionMask = 2147483647;
			files = (
				074A0EAB3579A00C6AA53274 /* Pods_Snacktacular.framework in Frameworks */,
			);
			runOnlyForDeploymentPostprocessing = 0;
		};
/* End PBXFrameworksBuildPhase section */

/* Begin PBXGroup section */
		8E4BA881286A45D400A18FF8 = {
			isa = PBXGroup;
			children = (
				8E4BA88C286A45D400A18FF8 /* Snacktacular */,
				8E4BA88B286A45D400A18FF8 /* Products */,
				D95EADE796965A7363D3B10B /* Pods */,
				B7C6AB1A9A5C2B25217598AB /* Frameworks */,
			);
			sourceTree = "<group>";
		};
		8E4BA88B286A45D400A18FF8 /* Products */ = {
			isa = PBXGroup;
			children = (
				8E4BA88A286A45D400A18FF8 /* Snacktacular.app */,
			);
			name = Products;
			sourceTree = "<group>";
		};
		8E4BA88C286A45D400A18FF8 /* Snacktacular */ = {
			isa = PBXGroup;
			children = (
				8E4BA88D286A45D400A18FF8 /* AppDelegate.swift */,
				8E4BA88F286A45D400A18FF8 /* SceneDelegate.swift */,
				8E656EF9286BC70A00971083 /* Spot.swift */,
				8E656EFD286BD8E700971083 /* Spots.swift */,
				8E50A592286D34BA00CC8423 /* Review.swift */,
				8E50A594286D386F00CC8423 /* Reviews.swift */,
				8E76B6D7286EA3AB0079EBFA /* Photo.swift */,
				8EA4D349286FA8C900B5FCF3 /* Photos.swift */,
				8E4BA891286A45D400A18FF8 /* LoginViewController.swift */,
				8E2A66D0286A744F00A2C275 /* SpotListViewController.swift */,
				8E2A66D2286A8FA100A2C275 /* SpotTableViewCell.swift */,
				8E2A66D4286A969900A2C275 /* SpotDetailViewController.swift */,
				8EAD2BF9286D4F21009F8A68 /* SpotReviewTableViewCell.swift */,
				8EA4D34B286FB4D100B5FCF3 /* SpotPhotoCollectionViewCell.swift */,
				8E50A590286D1E5200CC8423 /* ReviewTableViewController.swift */,
				8E76B6D5286E81670079EBFA /* PhotoViewController.swift */,
				8E656EFB286BD37400971083 /* UIViewController+alert.swift */,
				8EDC3438286E3E3E008ED8F5 /* UIView+addBorder.swift */,
				8EDC343A286E3F19008ED8F5 /* UIBarButtonItem+hide.swift */,
				8E656EFF286BEADF00971083 /* APIKeys.swift */,
				8E4BA893286A45D400A18FF8 /* Main.storyboard */,
				8E4BA896286A45D600A18FF8 /* Assets.xcassets */,
				8E4BA898286A45D600A18FF8 /* LaunchScreen.storyboard */,
				8E4BA89B286A45D600A18FF8 /* Info.plist */,
				8ED5F16F286A47ED0080DDA4 /* GoogleService-Info.plist */,
			);
			path = Snacktacular;
			sourceTree = "<group>";
		};
		B7C6AB1A9A5C2B25217598AB /* Frameworks */ = {
			isa = PBXGroup;
			children = (
				341DBEE912103E6258C98841 /* Pods_Snacktacular.framework */,
			);
			name = Frameworks;
			sourceTree = "<group>";
		};
		D95EADE796965A7363D3B10B /* Pods */ = {
			isa = PBXGroup;
			children = (
				695011941739287EE1AFCC3B /* Pods-Snacktacular.debug.xcconfig */,
				693A345E9BD06D1F23914EE2 /* Pods-Snacktacular.release.xcconfig */,
			);
			path = Pods;
			sourceTree = "<group>";
		};
/* End PBXGroup section */

/* Begin PBXNativeTarget section */
		8E4BA889286A45D400A18FF8 /* Snacktacular */ = {
			isa = PBXNativeTarget;
			buildConfigurationList = 8E4BA89E286A45D700A18FF8 /* Build configuration list for PBXNativeTarget "Snacktacular" */;
			buildPhases = (
				36321EC4EB57DEA927DB133E /* [CP] Check Pods Manifest.lock */,
				8E4BA886286A45D400A18FF8 /* Sources */,
				8E4BA887286A45D400A18FF8 /* Frameworks */,
				8E4BA888286A45D400A18FF8 /* Resources */,
				36799F7C76DA921E129E8E47 /* [CP] Embed Pods Frameworks */,
				985C5659E1A02AEC2D63FCAE /* [CP] Copy Pods Resources */,
			);
			buildRules = (
			);
			dependencies = (
			);
			name = Snacktacular;
			productName = Snacktacular;
			productReference = 8E4BA88A286A45D400A18FF8 /* Snacktacular.app */;
			productType = "com.apple.product-type.application";
		};
/* End PBXNativeTarget section */

/* Begin PBXProject section */
		8E4BA882286A45D400A18FF8 /* Project object */ = {
			isa = PBXProject;
			attributes = {
				LastSwiftUpdateCheck = 1130;
				LastUpgradeCheck = 1130;
				ORGANIZATIONNAME = "Samuel Pena";
				TargetAttributes = {
					8E4BA889286A45D400A18FF8 = {
						CreatedOnToolsVersion = 11.3;
					};
				};
			};
			buildConfigurationList = 8E4BA885286A45D400A18FF8 /* Build configuration list for PBXProject "Snacktacular" */;
			compatibilityVersion = "Xcode 9.3";
			developmentRegion = en;
			hasScannedForEncodings = 0;
			knownRegions = (
				en,
				Base,
			);
			mainGroup = 8E4BA881286A45D400A18FF8;
			productRefGroup = 8E4BA88B286A45D400A18FF8 /* Products */;
			projectDirPath = "";
			projectRoot = "";
			targets = (
				8E4BA889286A45D400A18FF8 /* Snacktacular */,
			);
		};
/* End PBXProject section */

/* Begin PBXResourcesBuildPhase section */
		8E4BA888286A45D400A18FF8 /* Resources */ = {
			isa = PBXResourcesBuildPhase;
			buildActionMask = 2147483647;
			files = (
				8E4BA89A286A45D600A18FF8 /* LaunchScreen.storyboard in Resources */,
				8ED5F170286A47ED0080DDA4 /* GoogleService-Info.plist in Resources */,
				8E4BA897286A45D600A18FF8 /* Assets.xcassets in Resources */,
				8E4BA895286A45D400A18FF8 /* Main.storyboard in Resources */,
			);
			runOnlyForDeploymentPostprocessing = 0;
		};
/* End PBXResourcesBuildPhase section */

/* Begin PBXShellScriptBuildPhase section */
		36321EC4EB57DEA927DB133E /* [CP] Check Pods Manifest.lock */ = {
			isa = PBXShellScriptBuildPhase;
			buildActionMask = 2147483647;
			files = (
			);
			inputFileListPaths = (
			);
			inputPaths = (
				"${PODS_PODFILE_DIR_PATH}/Podfile.lock",
				"${PODS_ROOT}/Manifest.lock",
			);
			name = "[CP] Check Pods Manifest.lock";
			outputFileListPaths = (
			);
			outputPaths = (
				"$(DERIVED_FILE_DIR)/Pods-Snacktacular-checkManifestLockResult.txt",
			);
			runOnlyForDeploymentPostprocessing = 0;
			shellPath = /bin/sh;
			shellScript = "diff \"${PODS_PODFILE_DIR_PATH}/Podfile.lock\" \"${PODS_ROOT}/Manifest.lock\" > /dev/null\nif [ $? != 0 ] ; then\n    # print error to STDERR\n    echo \"error: The sandbox is not in sync with the Podfile.lock. Run 'pod install' or update your CocoaPods installation.\" >&2\n    exit 1\nfi\n# This output is used by Xcode 'outputs' to avoid re-running this script phase.\necho \"SUCCESS\" > \"${SCRIPT_OUTPUT_FILE_0}\"\n";
			showEnvVarsInLog = 0;
		};
		36799F7C76DA921E129E8E47 /* [CP] Embed Pods Frameworks */ = {
			isa = PBXShellScriptBuildPhase;
			buildActionMask = 2147483647;
			files = (
			);
			inputFileListPaths = (
				"${PODS_ROOT}/Target Support Files/Pods-Snacktacular/Pods-Snacktacular-frameworks-${CONFIGURATION}-input-files.xcfilelist",
			);
			name = "[CP] Embed Pods Frameworks";
			outputFileListPaths = (
				"${PODS_ROOT}/Target Support Files/Pods-Snacktacular/Pods-Snacktacular-frameworks-${CONFIGURATION}-output-files.xcfilelist",
			);
			runOnlyForDeploymentPostprocessing = 0;
			shellPath = /bin/sh;
			shellScript = "\"${PODS_ROOT}/Target Support Files/Pods-Snacktacular/Pods-Snacktacular-frameworks.sh\"\n";
			showEnvVarsInLog = 0;
		};
		985C5659E1A02AEC2D63FCAE /* [CP] Copy Pods Resources */ = {
			isa = PBXShellScriptBuildPhase;
			buildActionMask = 2147483647;
			files = (
			);
			inputFileListPaths = (
				"${PODS_ROOT}/Target Support Files/Pods-Snacktacular/Pods-Snacktacular-resources-${CONFIGURATION}-input-files.xcfilelist",
			);
			name = "[CP] Copy Pods Resources";
			outputFileListPaths = (
				"${PODS_ROOT}/Target Support Files/Pods-Snacktacular/Pods-Snacktacular-resources-${CONFIGURATION}-output-files.xcfilelist",
			);
			runOnlyForDeploymentPostprocessing = 0;
			shellPath = /bin/sh;
			shellScript = "\"${PODS_ROOT}/Target Support Files/Pods-Snacktacular/Pods-Snacktacular-resources.sh\"\n";
			showEnvVarsInLog = 0;
		};
/* End PBXShellScriptBuildPhase section */

/* Begin PBXSourcesBuildPhase section */
		8E4BA886286A45D400A18FF8 /* Sources */ = {
			isa = PBXSourcesBuildPhase;
			buildActionMask = 2147483647;
			files = (
				8E50A595286D386F00CC8423 /* Reviews.swift in Sources */,
				8E2A66D1286A744F00A2C275 /* SpotListViewController.swift in Sources */,
				8E4BA892286A45D400A18FF8 /* LoginViewController.swift in Sources */,
				8E4BA88E286A45D400A18FF8 /* AppDelegate.swift in Sources */,
				8E2A66D5286A969900A2C275 /* SpotDetailViewController.swift in Sources */,
				8EA4D34A286FA8C900B5FCF3 /* Photos.swift in Sources */,
				8E50A591286D1E5200CC8423 /* ReviewTableViewController.swift in Sources */,
				8E50A593286D34BA00CC8423 /* Review.swift in Sources */,
				8E656EFE286BD8E700971083 /* Spots.swift in Sources */,
				8EDC343B286E3F19008ED8F5 /* UIBarButtonItem+hide.swift in Sources */,
				8E2A66D3286A8FA100A2C275 /* SpotTableViewCell.swift in Sources */,
				8E76B6D6286E81670079EBFA /* PhotoViewController.swift in Sources */,
				8EAD2BFA286D4F21009F8A68 /* SpotReviewTableViewCell.swift in Sources */,
				8E76B6D8286EA3AB0079EBFA /* Photo.swift in Sources */,
				8E656F00286BEADF00971083 /* APIKeys.swift in Sources */,
				8E656EFA286BC70A00971083 /* Spot.swift in Sources */,
				8E4BA890286A45D400A18FF8 /* SceneDelegate.swift in Sources */,
				8EA4D34C286FB4D100B5FCF3 /* SpotPhotoCollectionViewCell.swift in Sources */,
				8E656EFC286BD37400971083 /* UIViewController+alert.swift in Sources */,
				8EDC3439286E3E3E008ED8F5 /* UIView+addBorder.swift in Sources */,
			);
			runOnlyForDeploymentPostprocessing = 0;
		};
/* End PBXSourcesBuildPhase section */

/* Begin PBXVariantGroup section */
		8E4BA893286A45D400A18FF8 /* Main.storyboard */ = {
			isa = PBXVariantGroup;
			children = (
				8E4BA894286A45D400A18FF8 /* Base */,
			);
			name = Main.storyboard;
			sourceTree = "<group>";
		};
		8E4BA898286A45D600A18FF8 /* LaunchScreen.storyboard */ = {
			isa = PBXVariantGroup;
			children = (
				8E4BA899286A45D600A18FF8 /* Base */,
			);
			name = LaunchScreen.storyboard;
			sourceTree = "<group>";
		};
/* End PBXVariantGroup section */

/* Begin XCBuildConfiguration section */
		8E4BA89C286A45D700A18FF8 /* Debug */ = {
			isa = XCBuildConfiguration;
			buildSettings = {
				ALWAYS_SEARCH_USER_PATHS = NO;
				CLANG_ANALYZER_NONNULL = YES;
				CLANG_ANALYZER_NUMBER_OBJECT_CONVERSION = YES_AGGRESSIVE;
				CLANG_CXX_LANGUAGE_STANDARD = "gnu++14";
				CLANG_CXX_LIBRARY = "libc++";
				CLANG_ENABLE_MODULES = YES;
				CLANG_ENABLE_OBJC_ARC = YES;
				CLANG_ENABLE_OBJC_WEAK = YES;
				CLANG_WARN_BLOCK_CAPTURE_AUTORELEASING = YES;
				CLANG_WARN_BOOL_CONVERSION = YES;
				CLANG_WARN_COMMA = YES;
				CLANG_WARN_CONSTANT_CONVERSION = YES;
				CLANG_WARN_DEPRECATED_OBJC_IMPLEMENTATIONS = YES;
				CLANG_WARN_DIRECT_OBJC_ISA_USAGE = YES_ERROR;
				CLANG_WARN_DOCUMENTATION_COMMENTS = YES;
				CLANG_WARN_EMPTY_BODY = YES;
				CLANG_WARN_ENUM_CONVERSION = YES;
				CLANG_WARN_INFINITE_RECURSION = YES;
				CLANG_WARN_INT_CONVERSION = YES;
				CLANG_WARN_NON_LITERAL_NULL_CONVERSION = YES;
				CLANG_WARN_OBJC_IMPLICIT_RETAIN_SELF = YES;
				CLANG_WARN_OBJC_LITERAL_CONVERSION = YES;
				CLANG_WARN_OBJC_ROOT_CLASS = YES_ERROR;
				CLANG_WARN_RANGE_LOOP_ANALYSIS = YES;
				CLANG_WARN_STRICT_PROTOTYPES = YES;
				CLANG_WARN_SUSPICIOUS_MOVE = YES;
				CLANG_WARN_UNGUARDED_AVAILABILITY = YES_AGGRESSIVE;
				CLANG_WARN_UNREACHABLE_CODE = YES;
				CLANG_WARN__DUPLICATE_METHOD_MATCH = YES;
				COPY_PHASE_STRIP = NO;
				DEBUG_INFORMATION_FORMAT = dwarf;
				ENABLE_STRICT_OBJC_MSGSEND = YES;
				ENABLE_TESTABILITY = YES;
				GCC_C_LANGUAGE_STANDARD = gnu11;
				GCC_DYNAMIC_NO_PIC = NO;
				GCC_NO_COMMON_BLOCKS = YES;
				GCC_OPTIMIZATION_LEVEL = 0;
				GCC_PREPROCESSOR_DEFINITIONS = (
					"DEBUG=1",
					"$(inherited)",
				);
				GCC_WARN_64_TO_32_BIT_CONVERSION = YES;
				GCC_WARN_ABOUT_RETURN_TYPE = YES_ERROR;
				GCC_WARN_UNDECLARED_SELECTOR = YES;
				GCC_WARN_UNINITIALIZED_AUTOS = YES_AGGRESSIVE;
				GCC_WARN_UNUSED_FUNCTION = YES;
				GCC_WARN_UNUSED_VARIABLE = YES;
				IPHONEOS_DEPLOYMENT_TARGET = 13.2;
				MTL_ENABLE_DEBUG_INFO = INCLUDE_SOURCE;
				MTL_FAST_MATH = YES;
				ONLY_ACTIVE_ARCH = YES;
				SDKROOT = iphoneos;
				SWIFT_ACTIVE_COMPILATION_CONDITIONS = DEBUG;
				SWIFT_OPTIMIZATION_LEVEL = "-Onone";
			};
			name = Debug;
		};
		8E4BA89D286A45D700A18FF8 /* Release */ = {
			isa = XCBuildConfiguration;
			buildSettings = {
				ALWAYS_SEARCH_USER_PATHS = NO;
				CLANG_ANALYZER_NONNULL = YES;
				CLANG_ANALYZER_NUMBER_OBJECT_CONVERSION = YES_AGGRESSIVE;
				CLANG_CXX_LANGUAGE_STANDARD = "gnu++14";
				CLANG_CXX_LIBRARY = "libc++";
				CLANG_ENABLE_MODULES = YES;
				CLANG_ENABLE_OBJC_ARC = YES;
				CLANG_ENABLE_OBJC_WEAK = YES;
				CLANG_WARN_BLOCK_CAPTURE_AUTORELEASING = YES;
				CLANG_WARN_BOOL_CONVERSION = YES;
				CLANG_WARN_COMMA = YES;
				CLANG_WARN_CONSTANT_CONVERSION = YES;
				CLANG_WARN_DEPRECATED_OBJC_IMPLEMENTATIONS = YES;
				CLANG_WARN_DIRECT_OBJC_ISA_USAGE = YES_ERROR;
				CLANG_WARN_DOCUMENTATION_COMMENTS = YES;
				CLANG_WARN_EMPTY_BODY = YES;
				CLANG_WARN_ENUM_CONVERSION = YES;
				CLANG_WARN_INFINITE_RECURSION = YES;
				CLANG_WARN_INT_CONVERSION = YES;
				CLANG_WARN_NON_LITERAL_NULL_CONVERSION = YES;
				CLANG_WARN_OBJC_IMPLICIT_RETAIN_SELF = YES;
				CLANG_WARN_OBJC_LITERAL_CONVERSION = YES;
				CLANG_WARN_OBJC_ROOT_CLASS = YES_ERROR;
				CLANG_WARN_RANGE_LOOP_ANALYSIS = YES;
				CLANG_WARN_STRICT_PROTOTYPES = YES;
				CLANG_WARN_SUSPICIOUS_MOVE = YES;
				CLANG_WARN_UNGUARDED_AVAILABILITY = YES_AGGRESSIVE;
				CLANG_WARN_UNREACHABLE_CODE = YES;
				CLANG_WARN__DUPLICATE_METHOD_MATCH = YES;
				COPY_PHASE_STRIP = NO;
				DEBUG_INFORMATION_FORMAT = "dwarf-with-dsym";
				ENABLE_NS_ASSERTIONS = NO;
				ENABLE_STRICT_OBJC_MSGSEND = YES;
				GCC_C_LANGUAGE_STANDARD = gnu11;
				GCC_NO_COMMON_BLOCKS = YES;
				GCC_WARN_64_TO_32_BIT_CONVERSION = YES;
				GCC_WARN_ABOUT_RETURN_TYPE = YES_ERROR;
				GCC_WARN_UNDECLARED_SELECTOR = YES;
				GCC_WARN_UNINITIALIZED_AUTOS = YES_AGGRESSIVE;
				GCC_WARN_UNUSED_FUNCTION = YES;
				GCC_WARN_UNUSED_VARIABLE = YES;
				IPHONEOS_DEPLOYMENT_TARGET = 13.2;
				MTL_ENABLE_DEBUG_INFO = NO;
				MTL_FAST_MATH = YES;
				SDKROOT = iphoneos;
				SWIFT_COMPILATION_MODE = wholemodule;
				SWIFT_OPTIMIZATION_LEVEL = "-O";
				VALIDATE_PRODUCT = YES;
			};
			name = Release;
		};
		8E4BA89F286A45D700A18FF8 /* Debug */ = {
			isa = XCBuildConfiguration;
			baseConfigurationReference = 695011941739287EE1AFCC3B /* Pods-Snacktacular.debug.xcconfig */;
			buildSettings = {
				ASSETCATALOG_COMPILER_APPICON_NAME = AppIcon;
				CODE_SIGN_STYLE = Automatic;
				DEVELOPMENT_TEAM = 7UTJKBHB3W;
				INFOPLIST_FILE = Snacktacular/Info.plist;
				LD_RUNPATH_SEARCH_PATHS = (
					"$(inherited)",
					"@executable_path/Frameworks",
				);
				PRODUCT_BUNDLE_IDENTIFIER = com.sampena.Snacktacular;
				PRODUCT_NAME = "$(TARGET_NAME)";
				SWIFT_VERSION = 5.0;
				TARGETED_DEVICE_FAMILY = "1,2";
			};
			name = Debug;
		};
		8E4BA8A0286A45D700A18FF8 /* Release */ = {
			isa = XCBuildConfiguration;
			baseConfigurationReference = 693A345E9BD06D1F23914EE2 /* Pods-Snacktacular.release.xcconfig */;
			buildSettings = {
				ASSETCATALOG_COMPILER_APPICON_NAME = AppIcon;
				CODE_SIGN_STYLE = Automatic;
				DEVELOPMENT_TEAM = 7UTJKBHB3W;
				INFOPLIST_FILE = Snacktacular/Info.plist;
				LD_RUNPATH_SEARCH_PATHS = (
					"$(inherited)",
					"@executable_path/Frameworks",
				);
				PRODUCT_BUNDLE_IDENTIFIER = com.sampena.Snacktacular;
				PRODUCT_NAME = "$(TARGET_NAME)";
				SWIFT_VERSION = 5.0;
				TARGETED_DEVICE_FAMILY = "1,2";
			};
			name = Release;
		};
/* End XCBuildConfiguration section */

/* Begin XCConfigurationList section */
		8E4BA885286A45D400A18FF8 /* Build configuration list for PBXProject "Snacktacular" */ = {
			isa = XCConfigurationList;
			buildConfigurations = (
				8E4BA89C286A45D700A18FF8 /* Debug */,
				8E4BA89D286A45D700A18FF8 /* Release */,
			);
			defaultConfigurationIsVisible = 0;
			defaultConfigurationName = Release;
		};
		8E4BA89E286A45D700A18FF8 /* Build configuration list for PBXNativeTarget "Snacktacular" */ = {
			isa = XCConfigurationList;
			buildConfigurations = (
				8E4BA89F286A45D700A18FF8 /* Debug */,
				8E4BA8A0286A45D700A18FF8 /* Release */,
			);
			defaultConfigurationIsVisible = 0;
			defaultConfigurationName = Release;
		};
/* End XCConfigurationList section */
	};
	rootObject = 8E4BA882286A45D400A18FF8 /* Project object */;
}
